{
  "projects": [
    {
      "projectId": "58GpZjZCWTaJ8AUhpCwt2K",
      "version": "3.34.0",
      "dependencies": {},
      "lang": "ts",
      "fileLocks": [
        {
          "assetId": "58GpZjZCWTaJ8AUhpCwt2K",
          "type": "projectCss",
          "checksum": "10b608311824a80e7c6511951671d9ed"
        },
        {
          "assetId": "58GpZjZCWTaJ8AUhpCwt2K",
          "checksum": "dd1bd3cd83a88e2a0cc47887c2f90093",
          "type": "projectModule"
        },
        {
          "assetId": "58GpZjZCWTaJ8AUhpCwt2K",
          "checksum": "f3e149b979cba0655755409bcb3982a8",
          "type": "styleTokensProvider"
        }
      ],
      "codegenVersion": "0.0.2"
    },
    {
      "projectId": "7nJ7UcFmq9UzB6eXfC5z4a",
      "version": "0.37.0",
      "dependencies": {},
      "lang": "ts",
      "fileLocks": [
        {
          "assetId": "7nJ7UcFmq9UzB6eXfC5z4a",
          "type": "projectCss",
          "checksum": "f19f5b1ff8205c02fd704231628b3a5c"
        },
        {
          "assetId": "7nJ7UcFmq9UzB6eXfC5z4a",
          "checksum": "bd882956589ba7fcd035211989e13120",
          "type": "projectModule"
        },
        {
          "assetId": "7nJ7UcFmq9UzB6eXfC5z4a",
          "checksum": "4611cf0afb68758e6b3b841a2d445b1d",
          "type": "styleTokensProvider"
        }
      ],
      "codegenVersion": "0.0.2"
    },
    {
      "projectId": "85hfiNoWr9NpnmarETBLiB",
      "version": "latest",
      "dependencies": {
        "7nJ7UcFmq9UzB6eXfC5z4a": "0.37.0",
        "58GpZjZCWTaJ8AUhpCwt2K": "3.34.0"
      },
      "lang": "ts",
      "fileLocks": [
        {
          "type": "globalVariant",
          "assetId": "k9nA5UnvsOVN",
          "checksum": "a2b75c8899cce61771e5b51bc71f5f90"
        },
        {
          "assetId": "85hfiNoWr9NpnmarETBLiB",
          "checksum": "098ddfd87c59c48a1679e1afe5ec29fb",
          "type": "projectModule"
        },
        {
          "assetId": "85hfiNoWr9NpnmarETBLiB",
          "checksum": "8dc34dcde1003d1363152a596dddad38",
          "type": "styleTokensProvider"
        },
        {
          "type": "renderModule",
          "assetId": "_8VPM54-XdbC",
          "checksum": "5a1fe49c536b7f7400ff5b2dfed661ec"
        },
        {
          "type": "cssRules",
          "assetId": "_8VPM54-XdbC",
          "checksum": "5a1fe49c536b7f7400ff5b2dfed661ec"
        },
        {
          "type": "renderModule",
          "assetId": "TX3IeZtOXtTN",
          "checksum": "3cac138bec5b428f27d7d09975c3eea5"
        },
        {
          "type": "cssRules",
          "assetId": "TX3IeZtOXtTN",
          "checksum": "3cac138bec5b428f27d7d09975c3eea5"
        },
        {
          "type": "renderModule",
          "assetId": "60EgHMp4rvgW",
          "checksum": "5edd66065ce11787da35096bf76925e6"
        },
        {
          "type": "cssRules",
          "assetId": "60EgHMp4rvgW",
          "checksum": "5edd66065ce11787da35096bf76925e6"
        },
        {
          "type": "renderModule",
          "assetId": "04wvwiZIG3fz",
          "checksum": "17839bd300100e936b045fc163dc0607"
        },
        {
          "type": "cssRules",
          "assetId": "04wvwiZIG3fz",
          "checksum": "17839bd300100e936b045fc163dc0607"
        },
        {
          "type": "renderModule",
          "assetId": "WcX3QeyWup1P",
          "checksum": "a2eee7d0e1aaee615025fd232fab3850"
        },
        {
          "type": "cssRules",
          "assetId": "WcX3QeyWup1P",
          "checksum": "a2eee7d0e1aaee615025fd232fab3850"
        },
        {
          "type": "renderModule",
          "assetId": "NVvrPELgft5q",
          "checksum": "e4f7e325f2491fc902eb5c2d2964fe64"
        },
        {
          "type": "cssRules",
          "assetId": "NVvrPELgft5q",
          "checksum": "e4f7e325f2491fc902eb5c2d2964fe64"
        },
        {
          "type": "renderModule",
          "assetId": "vYekxEqyDLgZ",
          "checksum": "fb29d2031d2091fba0f3e3260c0bae79"
        },
        {
          "type": "cssRules",
          "assetId": "vYekxEqyDLgZ",
          "checksum": "fb29d2031d2091fba0f3e3260c0bae79"
        },
        {
          "type": "renderModule",
          "assetId": "cufVuzmp1GSH",
          "checksum": "6d0233806a9ddbc9fd1465f43cd9d96e"
        },
        {
          "type": "cssRules",
          "assetId": "cufVuzmp1GSH",
          "checksum": "6d0233806a9ddbc9fd1465f43cd9d96e"
        },
        {
          "type": "renderModule",
          "assetId": "LEiXhXZdQThT",
          "checksum": "e7e3ef1e78afe36f57fd2e046bf82d62"
        },
        {
          "type": "cssRules",
          "assetId": "LEiXhXZdQThT",
          "checksum": "e7e3ef1e78afe36f57fd2e046bf82d62"
        },
        {
          "type": "renderModule",
          "assetId": "ANEjvjOYnAKU",
          "checksum": "6d69ec7ab0165b09f449f5784175c06e"
        },
        {
          "type": "cssRules",
          "assetId": "ANEjvjOYnAKU",
          "checksum": "6d69ec7ab0165b09f449f5784175c06e"
        },
        {
          "type": "icon",
          "assetId": "_PIHGLe7RU6g",
          "checksum": "12b9140e73821e6aa4743deca6995d5a"
        },
        {
          "type": "icon",
          "assetId": "XKpvnZULQGJc",
          "checksum": "983e7fb45f2fff44aec59ee0c7bd872e"
        },
        {
          "type": "icon",
          "assetId": "0M5cQ8W40Aw-",
          "checksum": "58f79a734974d2cc573a47776b6cd87b"
        },
        {
          "type": "icon",
          "assetId": "E_drCLsknTTA",
          "checksum": "73d8a11398137e9d0608d90783744a22"
        },
        {
          "type": "icon",
          "assetId": "o4F-qoU161rV",
          "checksum": "4ef10253d5d52a63a4c891f912056332"
        },
        {
          "type": "icon",
          "assetId": "Fy6k1M0EsTlZ",
          "checksum": "9da4229237981797c04876d1d8c2425d"
        },
        {
          "type": "icon",
          "assetId": "OUTv7cWruNRC",
          "checksum": "33bd2f412948656fad6e632a93b72212"
        },
        {
          "type": "icon",
          "assetId": "_uDsnC8E_Suq",
          "checksum": "eef460b0052b9a0c64dd710883c0ffbb"
        },
        {
          "type": "icon",
          "assetId": "0mFJboAWqS33",
          "checksum": "7525bce01441a3267a41473f8505b7a3"
        },
        {
          "type": "icon",
          "assetId": "KKVih6Wtvhad",
          "checksum": "1b09bf1a488bc1d46c52502ad7eb60ab"
        },
        {
          "type": "image",
          "assetId": "eWtrB8fc2vnO",
          "checksum": "11f8cd67ee686346970cddd0fd3e9052"
        },
        {
          "type": "image",
          "assetId": "mo4tMJGBN9mQ",
          "checksum": "0ceb0e4c9e89400683e245620fcdc6bf"
        },
        {
          "type": "image",
          "assetId": "3B8Jg2ttxDrK",
          "checksum": "4d2493e10a82b16fcb1cc7f16e68c04f"
        },
        {
          "type": "image",
          "assetId": "uRUy1JNYtm44",
          "checksum": "bed291318543c4e6fe686991dac3aacc"
        },
        {
          "type": "image",
          "assetId": "auHhNbaWRVRR",
          "checksum": "f2f7ffe56fefe79084c1718e9dbd78d1"
        },
        {
          "type": "image",
          "assetId": "HMlADSkVPaoF",
          "checksum": "d29290ebbf1c9c9193ba2ce81e5768f9"
        },
        {
          "type": "image",
          "assetId": "C7CcvMtj4tvL",
          "checksum": "c85e960adec165a5dbb556d4b3e6d983"
        },
        {
          "type": "image",
          "assetId": "l_qFOYjKlbEH",
          "checksum": "1a43dcfcbeda60f94b213aa8621fa65e"
        },
        {
          "type": "image",
          "assetId": "a5GO475k7Goh",
          "checksum": "922cda791e2b7820cf4c2f236001cdb8"
        },
        {
          "type": "image",
          "assetId": "HfOJODHvGPz1",
          "checksum": "5a90fa947f6c172719551aa0fded92bb"
        },
        {
          "type": "image",
          "assetId": "LZb70kHw5-nL",
          "checksum": "a29355a2e587a7b5a39e86933da3eb2d"
        },
        {
          "type": "image",
          "assetId": "u-QY_iM5jCo2",
          "checksum": "b629830c68d38e4536b7b5241bf67901"
        },
        {
          "type": "image",
          "assetId": "-clLLVKugL71",
          "checksum": "0c2db89293240b5196a099edc4472330"
        },
        {
          "type": "image",
          "assetId": "zWQGsMEEtrt9",
          "checksum": "a5436c79b79ec7a94ff01d200891092c"
        },
        {
          "type": "image",
          "assetId": "47LEoBkXLlKo",
          "checksum": "eb1b3b3cb4748d57d4692cecc92d470d"
        },
        {
          "type": "image",
          "assetId": "ybxaI-d2Hiz8",
          "checksum": "48e1bc1827be24f2e241a80e6cf27096"
        },
        {
          "type": "image",
          "assetId": "oLk9nCM05YzQ",
          "checksum": "d665adf3bea50fcb907980903066564f"
        },
        {
          "type": "image",
          "assetId": "htTpfyNfIR6a",
          "checksum": "351df44a0aaa6a87b7953997070c7c6e"
        },
        {
          "type": "image",
          "assetId": "qEwFafVFlenE",
          "checksum": "2a41fa0a148f5bf8dcfe9798097eda89"
        },
        {
          "type": "image",
          "assetId": "GoaARBli_Qxy",
          "checksum": "90d24feb56cd1cf39525819a60d2f608"
        },
        {
          "type": "image",
          "assetId": "089Y2Rb3FTGT",
          "checksum": "a336122e498b7a5a0ef2c692b917d530"
        },
        {
          "type": "image",
          "assetId": "ZY4IBG3xs6kR",
          "checksum": "c6b8ebfd74b399c95285505a77fc3bf3"
        },
        {
          "type": "image",
          "assetId": "lUPosCDiwS58",
          "checksum": "8594a5176db009e26bbfe6fb5aad6223"
        },
        {
          "type": "image",
          "assetId": "GqgzF-2i1whP",
          "checksum": "e3f070b9d8535185f5959881f18a0e4c"
        },
        {
          "type": "image",
          "assetId": "1PhZohgQkAdQ",
          "checksum": "15f463ce14487e76cca9ff6d84fc8587"
        },
        {
          "type": "image",
          "assetId": "_0VPp942Lk_q",
          "checksum": "bdbc08e07018dfa7be44553f56aa79b4"
        },
        {
          "type": "image",
          "assetId": "4qx4lSYvoqov",
          "checksum": "5169f28b220b3c0591dc292b6cb2c8fd"
        },
        {
          "type": "image",
          "assetId": "Ozk6ObNbbCs0",
          "checksum": "69f0a35b785b214a3385be05bd249bb2"
        },
        {
          "type": "image",
          "assetId": "f5O0qfC6XofH",
          "checksum": "c6658a0f9bb36b8287e550cc32428ff6"
        },
        {
          "type": "image",
          "assetId": "wEqLjpmWP5or",
          "checksum": "285dada52edc27b60564f28059cb81b8"
        },
        {
          "type": "image",
          "assetId": "-iH0_kZN4mSq",
          "checksum": "6afa03681cf5a83dd16e2461a45057e2"
        },
        {
          "type": "image",
          "assetId": "7wIvG9yIQRpP",
          "checksum": "2114212a61f5eb6e968b7bd32f4f2399"
        },
        {
          "type": "image",
          "assetId": "3zZ95BSK5fH6",
          "checksum": "fd0fa5b7aa4a5a589ea2be1188671862"
        },
        {
          "type": "image",
          "assetId": "ezv09vg9lNi-",
          "checksum": "89af4230645557f5670c65a8223f931f"
        },
        {
          "type": "image",
          "assetId": "sTyVo1jQYTht",
          "checksum": "d5d00d6fbb8fcc132769773f0017f791"
        },
        {
          "type": "image",
          "assetId": "ZFHSe9kHcF6H",
          "checksum": "0d9dbabdeeb53c37d3bad8ef66ea86c1"
        },
        {
          "type": "image",
          "assetId": "spkcDsRZnOKG",
          "checksum": "7b913972f030d425730b7e0b4421680c"
        },
        {
          "type": "image",
          "assetId": "4fHMtmaWLQcm",
          "checksum": "22d9fc8cd77b65974c1574d9fa8141b8"
        },
        {
          "type": "image",
          "assetId": "izXH9QDTm8_x",
          "checksum": "ac01b7c55844c0a24b19eb71701a886f"
        },
        {
          "type": "image",
          "assetId": "bJcofKqKtOrA",
          "checksum": "81428bc1934b51f853fc19b8a74112fc"
        },
        {
          "type": "image",
          "assetId": "sg03rfQv-3hk",
          "checksum": "34ad6a8483d83396dc1a1e510ed61056"
        },
        {
          "type": "image",
          "assetId": "c9CKtguW1xXB",
          "checksum": "ae9b942ad89e6b6ecb2d9752a036e67e"
        },
        {
          "type": "image",
          "assetId": "rk0E-CO35gEC",
          "checksum": "e1f20f3efd76f03d689846220f06f8b9"
        },
        {
          "type": "image",
          "assetId": "VtEMIPOKE-Dw",
          "checksum": "d9f586df67dec78522037416f84e5bb5"
        },
        {
          "assetId": "85hfiNoWr9NpnmarETBLiB",
          "type": "projectCss",
          "checksum": "dbe9ba6810cc6cf291a87d37c30531fd"
        }
      ],
      "codegenVersion": "0.0.2"
    }
  ],
  "cliVersion": "0.1.352"
}
